
Microsoft Visual Studio Solution File, Format Version 12.00
# Visual Studio Version 17
VisualStudioVersion = 17.3.32825.248
MinimumVisualStudioVersion = 10.0.40219.1
Project("{9A19103F-16F7-4668-BE54-9A1E7A4F7556}") = "SigmaHomework2_Task1", "SigmaHomework2_Task1\SigmaHomework2_Task1.csproj", "{6C39F19C-54BF-4EF3-B663-78F91953C6DE}"
EndProject
Project("{9A19103F-16F7-4668-BE54-9A1E7A4F7556}") = "SigmaHomework2_Task2", "SigmaHomework2_Task2\SigmaHomework2_Task2.csproj", "{01E1C7E9-2C4C-487A-B949-C64B1F8DDFD0}"
EndProject
Project("{FAE04EC0-301F-11D3-BF4B-00C04F79EFBC}") = "SigmaHomework2_Task3", "SigmaHomework2_Task3\SigmaHomework2_Task3.csproj", "{B27ACAE4-E551-4DD7-A769-EACBC8DE3BB3}"
EndProject
Global
	GlobalSection(SolutionConfigurationPlatforms) = preSolution
		Debug|Any CPU = Debug|Any CPU
		Release|Any CPU = Release|Any CPU
	EndGlobalSection
	GlobalSection(ProjectConfigurationPlatforms) = postSolution
		{6C39F19C-54BF-4EF3-B663-78F91953C6DE}.Debug|Any CPU.ActiveCfg = Debug|Any CPU
		{6C39F19C-54BF-4EF3-B663-78F91953C6DE}.Debug|Any CPU.Build.0 = Debug|Any CPU
		{6C39F19C-54BF-4EF3-B663-78F91953C6DE}.Release|Any CPU.ActiveCfg = Release|Any CPU
		{6C39F19C-54BF-4EF3-B663-78F91953C6DE}.Release|Any CPU.Build.0 = Release|Any CPU
		{01E1C7E9-2C4C-487A-B949-C64B1F8DDFD0}.Debug|Any CPU.ActiveCfg = Debug|Any CPU
		{01E1C7E9-2C4C-487A-B949-C64B1F8DDFD0}.Debug|Any CPU.Build.0 = Debug|Any CPU
		{01E1C7E9-2C4C-487A-B949-C64B1F8DDFD0}.Release|Any CPU.ActiveCfg = Release|Any CPU
		{01E1C7E9-2C4C-487A-B949-C64B1F8DDFD0}.Release|Any CPU.Build.0 = Release|Any CPU
		{B27ACAE4-E551-4DD7-A769-EACBC8DE3BB3}.Debug|Any CPU.ActiveCfg = Debug|Any CPU
		{B27ACAE4-E551-4DD7-A769-EACBC8DE3BB3}.Debug|Any CPU.Build.0 = Debug|Any CPU
		{B27ACAE4-E551-4DD7-A769-EACBC8DE3BB3}.Release|Any CPU.ActiveCfg = Release|Any CPU
		{B27ACAE4-E551-4DD7-A769-EACBC8DE3BB3}.Release|Any CPU.Build.0 = Release|Any CPU
	EndGlobalSection
	GlobalSection(SolutionProperties) = preSolution
		HideSolutionNode = FALSE
	EndGlobalSection
	GlobalSection(ExtensibilityGlobals) = postSolution
		SolutionGuid = {9A5B52BA-8A03-49FD-AA7D-B92EA37DEBDE}
	EndGlobalSection
EndGlobal
